
Microsoft Visual Studio Solution File, Format Version 12.00
# Visual Studio Version 16
VisualStudioVersion = 16.0.32802.440
MinimumVisualStudioVersion = 10.0.40219.1
Project("{FAE04EC0-301F-11D3-BF4B-00C04F79EFBC}") = "asp.netCore5WebAPI", "asp.netCore5WebAPI\asp.netCore5WebAPI.csproj", "{BEC37AE1-C650-470B-9421-D8814996935B}"
EndProject
Global
	GlobalSection(SolutionConfigurationPlatforms) = preSolution
		Debug|Any CPU = Debug|Any CPU
		Release|Any CPU = Release|Any CPU
	EndGlobalSection
	GlobalSection(ProjectConfigurationPlatforms) = postSolution
		{BEC37AE1-C650-470B-9421-D8814996935B}.Debug|Any CPU.ActiveCfg = Debug|Any CPU
		{BEC37AE1-C650-470B-9421-D8814996935B}.Debug|Any CPU.Build.0 = Debug|Any CPU
		{BEC37AE1-C650-470B-9421-D8814996935B}.Release|Any CPU.ActiveCfg = Release|Any CPU
		{BEC37AE1-C650-470B-9421-D8814996935B}.Release|Any CPU.Build.0 = Release|Any CPU
	EndGlobalSection
	GlobalSection(SolutionProperties) = preSolution
		HideSolutionNode = FALSE
	EndGlobalSection
	GlobalSection(ExtensibilityGlobals) = postSolution
		SolutionGuid = {4E4A1CB7-FDA6-450C-91E1-5B16EDE7673F}
	EndGlobalSection
EndGlobal
